
Microsoft Visual Studio Solution File, Format Version 12.00
# Visual Studio Version 17
VisualStudioVersion = 17.2.32602.215
MinimumVisualStudioVersion = 10.0.40219.1
Project("{FAE04EC0-301F-11D3-BF4B-00C04F79EFBC}") = "Ejercicio316", "Ejercicio316\Ejercicio316.csproj", "{C0F52458-CE17-4728-A7A2-1991E5D43AA0}"
EndProject
Global
	GlobalSection(SolutionConfigurationPlatforms) = preSolution
		Debug|Any CPU = Debug|Any CPU
		Release|Any CPU = Release|Any CPU
	EndGlobalSection
	GlobalSection(ProjectConfigurationPlatforms) = postSolution
		{C0F52458-CE17-4728-A7A2-1991E5D43AA0}.Debug|Any CPU.ActiveCfg = Debug|Any CPU
		{C0F52458-CE17-4728-A7A2-1991E5D43AA0}.Debug|Any CPU.Build.0 = Debug|Any CPU
		{C0F52458-CE17-4728-A7A2-1991E5D43AA0}.Release|Any CPU.ActiveCfg = Release|Any CPU
		{C0F52458-CE17-4728-A7A2-1991E5D43AA0}.Release|Any CPU.Build.0 = Release|Any CPU
	EndGlobalSection
	GlobalSection(SolutionProperties) = preSolution
		HideSolutionNode = FALSE
	EndGlobalSection
	GlobalSection(ExtensibilityGlobals) = postSolution
		SolutionGuid = {CFB01DB1-B87D-494C-B0F2-6BDA1D2ECE83}
	EndGlobalSection
EndGlobal
